
Microsoft Visual Studio Solution File, Format Version 12.00
# Visual Studio Version 16
VisualStudioVersion = 16.0.29503.13
MinimumVisualStudioVersion = 10.0.40219.1
Project("{8BC9CEB8-8B4A-11D0-8D11-00A0C91BC942}") = "ConsoleApplication1", "ConsoleApplication1.vcxproj", "{3763EA73-C72D-4A1E-BEC2-990FC9243112}"
EndProject
Global
	GlobalSection(SolutionConfigurationPlatforms) = preSolution
		Debug|x64 = Debug|x64
		Debug|x86 = Debug|x86
		Release|x64 = Release|x64
		Release|x86 = Release|x86
	EndGlobalSection
	GlobalSection(ProjectConfigurationPlatforms) = postSolution
		{3763EA73-C72D-4A1E-BEC2-990FC9243112}.Debug|x64.ActiveCfg = Debug|x64
		{3763EA73-C72D-4A1E-BEC2-990FC9243112}.Debug|x64.Build.0 = Debug|x64
		{3763EA73-C72D-4A1E-BEC2-990FC9243112}.Debug|x86.ActiveCfg = Debug|Win32
		{3763EA73-C72D-4A1E-BEC2-990FC9243112}.Debug|x86.Build.0 = Debug|Win32
		{3763EA73-C72D-4A1E-BEC2-990FC9243112}.Release|x64.ActiveCfg = Release|x64
		{3763EA73-C72D-4A1E-BEC2-990FC9243112}.Release|x64.Build.0 = Release|x64
		{3763EA73-C72D-4A1E-BEC2-990FC9243112}.Release|x86.ActiveCfg = Release|Win32
		{3763EA73-C72D-4A1E-BEC2-990FC9243112}.Release|x86.Build.0 = Release|Win32
	EndGlobalSection
	GlobalSection(SolutionProperties) = preSolution
		HideSolutionNode = FALSE
	EndGlobalSection
	GlobalSection(ExtensibilityGlobals) = postSolution
		SolutionGuid = {EF7E98E9-6BA1-4DE9-9BA8-9E3EB4E7DD17}
	EndGlobalSection
EndGlobal
